
Microsoft Visual Studio Solution File, Format Version 12.00
# Visual Studio Version 16
VisualStudioVersion = 16.0.30002.166
MinimumVisualStudioVersion = 10.0.40219.1
Project("{FAE04EC0-301F-11D3-BF4B-00C04F79EFBC}") = "FairplayLivescoreBridge", "FairplayLivescoreBridge.csproj", "{04ED0245-E330-441A-B19B-806E5BD355A8}"
EndProject
Global
	GlobalSection(SolutionConfigurationPlatforms) = preSolution
		Debug|Any CPU = Debug|Any CPU
		Release|Any CPU = Release|Any CPU
	EndGlobalSection
	GlobalSection(ProjectConfigurationPlatforms) = postSolution
		{04ED0245-E330-441A-B19B-806E5BD355A8}.Debug|Any CPU.ActiveCfg = Debug|Any CPU
		{04ED0245-E330-441A-B19B-806E5BD355A8}.Debug|Any CPU.Build.0 = Debug|Any CPU
		{04ED0245-E330-441A-B19B-806E5BD355A8}.Release|Any CPU.ActiveCfg = Release|Any CPU
		{04ED0245-E330-441A-B19B-806E5BD355A8}.Release|Any CPU.Build.0 = Release|Any CPU
	EndGlobalSection
	GlobalSection(SolutionProperties) = preSolution
		HideSolutionNode = FALSE
	EndGlobalSection
	GlobalSection(ExtensibilityGlobals) = postSolution
		SolutionGuid = {1E018D96-430A-4742-AE2D-B3F3312CC532}
	EndGlobalSection
EndGlobal
